
Microsoft Visual Studio Solution File, Format Version 12.00
# Visual Studio 15
VisualStudioVersion = 15.0.27428.2011
MinimumVisualStudioVersion = 10.0.40219.1
Project("{FAE04EC0-301F-11D3-BF4B-00C04F79EFBC}") = "GDPR-analyze", "GDPR-analyze\GDPR-analyze.csproj", "{CA5C4E4E-32D5-4A29-A799-7D72BC19B214}"
EndProject
Global
	GlobalSection(SolutionConfigurationPlatforms) = preSolution
		Debug|Any CPU = Debug|Any CPU
		Release|Any CPU = Release|Any CPU
	EndGlobalSection
	GlobalSection(ProjectConfigurationPlatforms) = postSolution
		{CA5C4E4E-32D5-4A29-A799-7D72BC19B214}.Debug|Any CPU.ActiveCfg = Debug|Any CPU
		{CA5C4E4E-32D5-4A29-A799-7D72BC19B214}.Debug|Any CPU.Build.0 = Debug|Any CPU
		{CA5C4E4E-32D5-4A29-A799-7D72BC19B214}.Release|Any CPU.ActiveCfg = Release|Any CPU
		{CA5C4E4E-32D5-4A29-A799-7D72BC19B214}.Release|Any CPU.Build.0 = Release|Any CPU
	EndGlobalSection
	GlobalSection(SolutionProperties) = preSolution
		HideSolutionNode = FALSE
	EndGlobalSection
	GlobalSection(ExtensibilityGlobals) = postSolution
		SolutionGuid = {E80C5597-E925-406D-9C36-5B13478EB195}
	EndGlobalSection
EndGlobal
